
Microsoft Visual Studio Solution File, Format Version 12.00
# Visual Studio Version 17
VisualStudioVersion = 17.14.36915.13 d17.14
MinimumVisualStudioVersion = 10.0.40219.1
Project("{FAE04EC0-301F-11D3-BF4B-00C04F79EFBC}") = "4-Random Numbers", "4-Random Numbers.csproj", "{7DD034CC-7868-4FDB-A0D0-0E1D6E40906C}"
EndProject
Global
	GlobalSection(SolutionConfigurationPlatforms) = preSolution
		Debug|Any CPU = Debug|Any CPU
		Release|Any CPU = Release|Any CPU
	EndGlobalSection
	GlobalSection(ProjectConfigurationPlatforms) = postSolution
		{7DD034CC-7868-4FDB-A0D0-0E1D6E40906C}.Debug|Any CPU.ActiveCfg = Debug|Any CPU
		{7DD034CC-7868-4FDB-A0D0-0E1D6E40906C}.Debug|Any CPU.Build.0 = Debug|Any CPU
		{7DD034CC-7868-4FDB-A0D0-0E1D6E40906C}.Release|Any CPU.ActiveCfg = Release|Any CPU
		{7DD034CC-7868-4FDB-A0D0-0E1D6E40906C}.Release|Any CPU.Build.0 = Release|Any CPU
	EndGlobalSection
	GlobalSection(SolutionProperties) = preSolution
		HideSolutionNode = FALSE
	EndGlobalSection
	GlobalSection(ExtensibilityGlobals) = postSolution
		SolutionGuid = {FFE97768-D7C5-49BF-9FCF-1028FC9595FB}
	EndGlobalSection
EndGlobal
